
Microsoft Visual Studio Solution File, Format Version 12.00
# Visual Studio Version 17
VisualStudioVersion = 17.2.32526.322
MinimumVisualStudioVersion = 10.0.40219.1
Project("{FAE04EC0-301F-11D3-BF4B-00C04F79EFBC}") = "Launcher2", "Launcher2\Launcher2.csproj", "{5368297F-6A32-4817-809E-3E4C54333345}"
EndProject
Global
	GlobalSection(SolutionConfigurationPlatforms) = preSolution
		Debug|Any CPU = Debug|Any CPU
		Release|Any CPU = Release|Any CPU
	EndGlobalSection
	GlobalSection(ProjectConfigurationPlatforms) = postSolution
		{5368297F-6A32-4817-809E-3E4C54333345}.Debug|Any CPU.ActiveCfg = Debug|Any CPU
		{5368297F-6A32-4817-809E-3E4C54333345}.Debug|Any CPU.Build.0 = Debug|Any CPU
		{5368297F-6A32-4817-809E-3E4C54333345}.Release|Any CPU.ActiveCfg = Release|Any CPU
		{5368297F-6A32-4817-809E-3E4C54333345}.Release|Any CPU.Build.0 = Release|Any CPU
	EndGlobalSection
	GlobalSection(SolutionProperties) = preSolution
		HideSolutionNode = FALSE
	EndGlobalSection
	GlobalSection(ExtensibilityGlobals) = postSolution
		SolutionGuid = {E5514293-7046-4C62-8FB0-35678D474B4B}
	EndGlobalSection
EndGlobal
